// !$*UTF8*$!
{
	archiveVersion = 1;
	classes = {
	};
	objectVersion = 46;
	objects = {

/* Begin PBXBuildFile section */
		F26005B61B97D841001F2CEE /* AppDelegate.swift in Sources */ = {isa = PBXBuildFile; fileRef = F26005B51B97D841001F2CEE /* AppDelegate.swift */; };
		F26005B91B97D841001F2CEE /* InTown.xcdatamodeld in Sources */ = {isa = PBXBuildFile; fileRef = F26005B71B97D841001F2CEE /* InTown.xcdatamodeld */; };
		F26005BB1B97D841001F2CEE /* ViewController.swift in Sources */ = {isa = PBXBuildFile; fileRef = F26005BA1B97D841001F2CEE /* ViewController.swift */; };
		F26005BE1B97D841001F2CEE /* Feed.storyboard in Resources */ = {isa = PBXBuildFile; fileRef = F26005BC1B97D841001F2CEE /* Feed.storyboard */; };
		F26005C01B97D841001F2CEE /* Images.xcassets in Resources */ = {isa = PBXBuildFile; fileRef = F26005BF1B97D841001F2CEE /* Images.xcassets */; };
		F26005C31B97D841001F2CEE /* LaunchScreen.xib in Resources */ = {isa = PBXBuildFile; fileRef = F26005C11B97D841001F2CEE /* LaunchScreen.xib */; };
		F26005CF1B97D841001F2CEE /* InTownTests.swift in Sources */ = {isa = PBXBuildFile; fileRef = F26005CE1B97D841001F2CEE /* InTownTests.swift */; };
		F26005DA1B97D890001F2CEE /* Welcome.storyboard in Resources */ = {isa = PBXBuildFile; fileRef = F26005D91B97D890001F2CEE /* Welcome.storyboard */; };
		F26005E31B97D9D5001F2CEE /* fr.png in Resources */ = {isa = PBXBuildFile; fileRef = F26005DB1B97D9D5001F2CEE /* fr.png */; };
		F26005E41B97D9D5001F2CEE /* spa.png in Resources */ = {isa = PBXBuildFile; fileRef = F26005DC1B97D9D5001F2CEE /* spa.png */; };
		F26005E51B97D9D5001F2CEE /* br.png in Resources */ = {isa = PBXBuildFile; fileRef = F26005DD1B97D9D5001F2CEE /* br.png */; };
		F26005E61B97D9D5001F2CEE /* us.png in Resources */ = {isa = PBXBuildFile; fileRef = F26005DE1B97D9D5001F2CEE /* us.png */; };
		F26005E71B97D9D5001F2CEE /* defaultImage.png in Resources */ = {isa = PBXBuildFile; fileRef = F26005DF1B97D9D5001F2CEE /* defaultImage.png */; };
		F26005E81B97D9D5001F2CEE /* IntownLogo.png in Resources */ = {isa = PBXBuildFile; fileRef = F26005E01B97D9D5001F2CEE /* IntownLogo.png */; };
		F26005E91B97D9D5001F2CEE /* twitterLoginButton.png in Resources */ = {isa = PBXBuildFile; fileRef = F26005E11B97D9D5001F2CEE /* twitterLoginButton.png */; };
		F26005EA1B97D9D5001F2CEE /* facebookLoginButton.png in Resources */ = {isa = PBXBuildFile; fileRef = F26005E21B97D9D5001F2CEE /* facebookLoginButton.png */; };
		F26005F01B97DB2A001F2CEE /* WelcomeVC.swift in Sources */ = {isa = PBXBuildFile; fileRef = F26005EF1B97DB29001F2CEE /* WelcomeVC.swift */; };
		F26005F51B97E0D0001F2CEE /* SignIn.storyboard in Resources */ = {isa = PBXBuildFile; fileRef = F26005F41B97E0D0001F2CEE /* SignIn.storyboard */; };
		F26005F71B97E0DE001F2CEE /* SignUp.storyboard in Resources */ = {isa = PBXBuildFile; fileRef = F26005F61B97E0DE001F2CEE /* SignUp.storyboard */; };
		F26005F91B97E28C001F2CEE /* SignIn.swift in Sources */ = {isa = PBXBuildFile; fileRef = F26005F81B97E28C001F2CEE /* SignIn.swift */; };
		F26005FB1B97E2A1001F2CEE /* SignUp.swift in Sources */ = {isa = PBXBuildFile; fileRef = F26005FA1B97E2A1001F2CEE /* SignUp.swift */; };
		F26005FE1B97E718001F2CEE /* User.swift in Sources */ = {isa = PBXBuildFile; fileRef = F26005FD1B97E718001F2CEE /* User.swift */; };
		F26006051B9815BD001F2CEE /* libicucore.dylib in Frameworks */ = {isa = PBXBuildFile; fileRef = F26006041B9815BD001F2CEE /* libicucore.dylib */; };
		F26006071B9815C8001F2CEE /* libc++.dylib in Frameworks */ = {isa = PBXBuildFile; fileRef = F26006061B9815C8001F2CEE /* libc++.dylib */; };
		F26006091B9815D3001F2CEE /* CFNetwork.framework in Frameworks */ = {isa = PBXBuildFile; fileRef = F26006081B9815D3001F2CEE /* CFNetwork.framework */; };
		F260060B1B9815DD001F2CEE /* Security.framework in Frameworks */ = {isa = PBXBuildFile; fileRef = F260060A1B9815DD001F2CEE /* Security.framework */; };
		F260060D1B9815E8001F2CEE /* SystemConfiguration.framework in Frameworks */ = {isa = PBXBuildFile; fileRef = F260060C1B9815E8001F2CEE /* SystemConfiguration.framework */; };
		F2B1D4531B981A6700D8B5C4 /* Firebase.framework in Frameworks */ = {isa = PBXBuildFile; fileRef = F2B1D4521B981A6700D8B5C4 /* Firebase.framework */; };
/* End PBXBuildFile section */

/* Begin PBXContainerItemProxy section */
		F26005C91B97D841001F2CEE /* PBXContainerItemProxy */ = {
			isa = PBXContainerItemProxy;
			containerPortal = F26005A81B97D841001F2CEE /* Project object */;
			proxyType = 1;
			remoteGlobalIDString = F26005AF1B97D841001F2CEE;
			remoteInfo = InTown;
		};
/* End PBXContainerItemProxy section */

/* Begin PBXFileReference section */
		F26005B01B97D841001F2CEE /* InTown.app */ = {isa = PBXFileReference; explicitFileType = wrapper.application; includeInIndex = 0; path = InTown.app; sourceTree = BUILT_PRODUCTS_DIR; };
		F26005B41B97D841001F2CEE /* Info.plist */ = {isa = PBXFileReference; lastKnownFileType = text.plist.xml; path = Info.plist; sourceTree = "<group>"; };
		F26005B51B97D841001F2CEE /* AppDelegate.swift */ = {isa = PBXFileReference; lastKnownFileType = sourcecode.swift; path = AppDelegate.swift; sourceTree = "<group>"; };
		F26005B81B97D841001F2CEE /* InTown.xcdatamodel */ = {isa = PBXFileReference; lastKnownFileType = wrapper.xcdatamodel; path = InTown.xcdatamodel; sourceTree = "<group>"; };
		F26005BA1B97D841001F2CEE /* ViewController.swift */ = {isa = PBXFileReference; lastKnownFileType = sourcecode.swift; path = ViewController.swift; sourceTree = "<group>"; };
		F26005BD1B97D841001F2CEE /* Base */ = {isa = PBXFileReference; lastKnownFileType = file.storyboard; name = Base; path = Base.lproj/Feed.storyboard; sourceTree = "<group>"; };
		F26005BF1B97D841001F2CEE /* Images.xcassets */ = {isa = PBXFileReference; lastKnownFileType = folder.assetcatalog; path = Images.xcassets; sourceTree = "<group>"; };
		F26005C21B97D841001F2CEE /* Base */ = {isa = PBXFileReference; lastKnownFileType = file.xib; name = Base; path = Base.lproj/LaunchScreen.xib; sourceTree = "<group>"; };
		F26005C81B97D841001F2CEE /* InTownTests.xctest */ = {isa = PBXFileReference; explicitFileType = wrapper.cfbundle; includeInIndex = 0; path = InTownTests.xctest; sourceTree = BUILT_PRODUCTS_DIR; };
		F26005CD1B97D841001F2CEE /* Info.plist */ = {isa = PBXFileReference; lastKnownFileType = text.plist.xml; path = Info.plist; sourceTree = "<group>"; };
		F26005CE1B97D841001F2CEE /* InTownTests.swift */ = {isa = PBXFileReference; lastKnownFileType = sourcecode.swift; path = InTownTests.swift; sourceTree = "<group>"; };
		F26005D91B97D890001F2CEE /* Welcome.storyboard */ = {isa = PBXFileReference; fileEncoding = 4; lastKnownFileType = file.storyboard; path = Welcome.storyboard; sourceTree = "<group>"; };
		F26005DB1B97D9D5001F2CEE /* fr.png */ = {isa = PBXFileReference; lastKnownFileType = image.png; path = fr.png; sourceTree = "<group>"; };
		F26005DC1B97D9D5001F2CEE /* spa.png */ = {isa = PBXFileReference; lastKnownFileType = image.png; path = spa.png; sourceTree = "<group>"; };
		F26005DD1B97D9D5001F2CEE /* br.png */ = {isa = PBXFileReference; lastKnownFileType = image.png; path = br.png; sourceTree = "<group>"; };
		F26005DE1B97D9D5001F2CEE /* us.png */ = {isa = PBXFileReference; lastKnownFileType = image.png; path = us.png; sourceTree = "<group>"; };
		F26005DF1B97D9D5001F2CEE /* defaultImage.png */ = {isa = PBXFileReference; lastKnownFileType = image.png; path = defaultImage.png; sourceTree = "<group>"; };
		F26005E01B97D9D5001F2CEE /* IntownLogo.png */ = {isa = PBXFileReference; lastKnownFileType = image.png; path = IntownLogo.png; sourceTree = "<group>"; };
		F26005E11B97D9D5001F2CEE /* twitterLoginButton.png */ = {isa = PBXFileReference; lastKnownFileType = image.png; path = twitterLoginButton.png; sourceTree = "<group>"; };
		F26005E21B97D9D5001F2CEE /* facebookLoginButton.png */ = {isa = PBXFileReference; lastKnownFileType = image.png; path = facebookLoginButton.png; sourceTree = "<group>"; };
		F26005EF1B97DB29001F2CEE /* WelcomeVC.swift */ = {isa = PBXFileReference; fileEncoding = 4; lastKnownFileType = sourcecode.swift; path = WelcomeVC.swift; sourceTree = "<group>"; };
		F26005F41B97E0D0001F2CEE /* SignIn.storyboard */ = {isa = PBXFileReference; fileEncoding = 4; lastKnownFileType = file.storyboard; path = SignIn.storyboard; sourceTree = "<group>"; };
		F26005F61B97E0DE001F2CEE /* SignUp.storyboard */ = {isa = PBXFileReference; fileEncoding = 4; lastKnownFileType = file.storyboard; path = SignUp.storyboard; sourceTree = "<group>"; };
		F26005F81B97E28C001F2CEE /* SignIn.swift */ = {isa = PBXFileReference; fileEncoding = 4; lastKnownFileType = sourcecode.swift; name = SignIn.swift; path = InTown/SignIn.swift; sourceTree = "<group>"; };
		F26005FA1B97E2A1001F2CEE /* SignUp.swift */ = {isa = PBXFileReference; fileEncoding = 4; lastKnownFileType = sourcecode.swift; name = SignUp.swift; path = ../SignUp.swift; sourceTree = "<group>"; };
		F26005FD1B97E718001F2CEE /* User.swift */ = {isa = PBXFileReference; fileEncoding = 4; lastKnownFileType = sourcecode.swift; path = User.swift; sourceTree = "<group>"; };
		F26006011B98158C001F2CEE /* InTown-Bridging-Header.h */ = {isa = PBXFileReference; lastKnownFileType = sourcecode.c.h; path = "InTown-Bridging-Header.h"; sourceTree = SOURCE_ROOT; };
		F26006041B9815BD001F2CEE /* libicucore.dylib */ = {isa = PBXFileReference; lastKnownFileType = "compiled.mach-o.dylib"; name = libicucore.dylib; path = usr/lib/libicucore.dylib; sourceTree = SDKROOT; };
		F26006061B9815C8001F2CEE /* libc++.dylib */ = {isa = PBXFileReference; lastKnownFileType = "compiled.mach-o.dylib"; name = "libc++.dylib"; path = "usr/lib/libc++.dylib"; sourceTree = SDKROOT; };
		F26006081B9815D3001F2CEE /* CFNetwork.framework */ = {isa = PBXFileReference; lastKnownFileType = wrapper.framework; name = CFNetwork.framework; path = System/Library/Frameworks/CFNetwork.framework; sourceTree = SDKROOT; };
		F260060A1B9815DD001F2CEE /* Security.framework */ = {isa = PBXFileReference; lastKnownFileType = wrapper.framework; name = Security.framework; path = System/Library/Frameworks/Security.framework; sourceTree = SDKROOT; };
		F260060C1B9815E8001F2CEE /* SystemConfiguration.framework */ = {isa = PBXFileReference; lastKnownFileType = wrapper.framework; name = SystemConfiguration.framework; path = System/Library/Frameworks/SystemConfiguration.framework; sourceTree = SDKROOT; };
		F2B1D4521B981A6700D8B5C4 /* Firebase.framework */ = {isa = PBXFileReference; lastKnownFileType = wrapper.framework; name = Firebase.framework; path = ../../Downloads/Firebase.framework; sourceTree = "<group>"; };
/* End PBXFileReference section */

/* Begin PBXFrameworksBuildPhase section */
		F26005AD1B97D841001F2CEE /* Frameworks */ = {
			isa = PBXFrameworksBuildPhase;
			buildActionMask = 2147483647;
			files = (
				F260060D1B9815E8001F2CEE /* SystemConfiguration.framework in Frameworks */,
				F2B1D4531B981A6700D8B5C4 /* Firebase.framework in Frameworks */,
				F260060B1B9815DD001F2CEE /* Security.framework in Frameworks */,
				F26006091B9815D3001F2CEE /* CFNetwork.framework in Frameworks */,
				F26006071B9815C8001F2CEE /* libc++.dylib in Frameworks */,
				F26006051B9815BD001F2CEE /* libicucore.dylib in Frameworks */,
			);
			runOnlyForDeploymentPostprocessing = 0;
		};
		F26005C51B97D841001F2CEE /* Frameworks */ = {
			isa = PBXFrameworksBuildPhase;
			buildActionMask = 2147483647;
			files = (
			);
			runOnlyForDeploymentPostprocessing = 0;
		};
/* End PBXFrameworksBuildPhase section */

/* Begin PBXGroup section */
		F26005A71B97D841001F2CEE = {
			isa = PBXGroup;
			children = (
				F260060C1B9815E8001F2CEE /* SystemConfiguration.framework */,
				F260060A1B9815DD001F2CEE /* Security.framework */,
				F26006081B9815D3001F2CEE /* CFNetwork.framework */,
				F26006061B9815C8001F2CEE /* libc++.dylib */,
				F26006041B9815BD001F2CEE /* libicucore.dylib */,
				F2B1D4521B981A6700D8B5C4 /* Firebase.framework */,
				F26005B21B97D841001F2CEE /* InTown */,
				F26005CB1B97D841001F2CEE /* InTownTests */,
				F26005B11B97D841001F2CEE /* Products */,
			);
			sourceTree = "<group>";
		};
		F26005B11B97D841001F2CEE /* Products */ = {
			isa = PBXGroup;
			children = (
				F26005B01B97D841001F2CEE /* InTown.app */,
				F26005C81B97D841001F2CEE /* InTownTests.xctest */,
			);
			name = Products;
			sourceTree = "<group>";
		};
		F26005B21B97D841001F2CEE /* InTown */ = {
			isa = PBXGroup;
			children = (
				F26005B51B97D841001F2CEE /* AppDelegate.swift */,
				F260060E1B9815F4001F2CEE /* Bridging Header */,
				F26005FC1B97E6FF001F2CEE /* Data */,
				F26005F21B97E085001F2CEE /* SignUp */,
				F26005F31B97E092001F2CEE /* SignIn */,
				F26005D81B97D878001F2CEE /* Welcome */,
				F26005F11B97DB55001F2CEE /* Feed */,
				F26005EB1B97D9DC001F2CEE /* Images */,
				F26005BF1B97D841001F2CEE /* Images.xcassets */,
				F26005C11B97D841001F2CEE /* LaunchScreen.xib */,
				F26005B71B97D841001F2CEE /* InTown.xcdatamodeld */,
				F26005B31B97D841001F2CEE /* Supporting Files */,
			);
			path = InTown;
			sourceTree = "<group>";
		};
		F26005B31B97D841001F2CEE /* Supporting Files */ = {
			isa = PBXGroup;
			children = (
				F26005B41B97D841001F2CEE /* Info.plist */,
			);
			name = "Supporting Files";
			sourceTree = "<group>";
		};
		F26005CB1B97D841001F2CEE /* InTownTests */ = {
			isa = PBXGroup;
			children = (
				F26005CE1B97D841001F2CEE /* InTownTests.swift */,
				F26005CC1B97D841001F2CEE /* Supporting Files */,
			);
			path = InTownTests;
			sourceTree = "<group>";
		};
		F26005CC1B97D841001F2CEE /* Supporting Files */ = {
			isa = PBXGroup;
			children = (
				F26005CD1B97D841001F2CEE /* Info.plist */,
			);
			name = "Supporting Files";
			sourceTree = "<group>";
		};
		F26005D81B97D878001F2CEE /* Welcome */ = {
			isa = PBXGroup;
			children = (
				F26005D91B97D890001F2CEE /* Welcome.storyboard */,
				F26005EF1B97DB29001F2CEE /* WelcomeVC.swift */,
			);
			name = Welcome;
			sourceTree = "<group>";
		};
		F26005EB1B97D9DC001F2CEE /* Images */ = {
			isa = PBXGroup;
			children = (
				F26005EE1B97DA53001F2CEE /* Buttons */,
				F26005ED1B97DA0D001F2CEE /* Miscellaneous */,
				F26005EC1B97D9F7001F2CEE /* Languages */,
			);
			name = Images;
			sourceTree = "<group>";
		};
		F26005EC1B97D9F7001F2CEE /* Languages */ = {
			isa = PBXGroup;
			children = (
				F26005DB1B97D9D5001F2CEE /* fr.png */,
				F26005DC1B97D9D5001F2CEE /* spa.png */,
				F26005DD1B97D9D5001F2CEE /* br.png */,
				F26005DE1B97D9D5001F2CEE /* us.png */,
			);
			name = Languages;
			sourceTree = "<group>";
		};
		F26005ED1B97DA0D001F2CEE /* Miscellaneous */ = {
			isa = PBXGroup;
			children = (
				F26005E21B97D9D5001F2CEE /* facebookLoginButton.png */,
				F26005DF1B97D9D5001F2CEE /* defaultImage.png */,
			);
			name = Miscellaneous;
			sourceTree = "<group>";
		};
		F26005EE1B97DA53001F2CEE /* Buttons */ = {
			isa = PBXGroup;
			children = (
				F26005E01B97D9D5001F2CEE /* IntownLogo.png */,
				F26005E11B97D9D5001F2CEE /* twitterLoginButton.png */,
			);
			name = Buttons;
			sourceTree = "<group>";
		};
		F26005F11B97DB55001F2CEE /* Feed */ = {
			isa = PBXGroup;
			children = (
				F26005BC1B97D841001F2CEE /* Feed.storyboard */,
				F26005BA1B97D841001F2CEE /* ViewController.swift */,
			);
			name = Feed;
			sourceTree = "<group>";
		};
		F26005F21B97E085001F2CEE /* SignUp */ = {
			isa = PBXGroup;
			children = (
				F26005F61B97E0DE001F2CEE /* SignUp.storyboard */,
				F26005FA1B97E2A1001F2CEE /* SignUp.swift */,
			);
			name = SignUp;
			sourceTree = "<group>";
		};
		F26005F31B97E092001F2CEE /* SignIn */ = {
			isa = PBXGroup;
			children = (
				F26005F41B97E0D0001F2CEE /* SignIn.storyboard */,
				F26005F81B97E28C001F2CEE /* SignIn.swift */,
			);
			name = SignIn;
			path = ..;
			sourceTree = "<group>";
		};
		F26005FC1B97E6FF001F2CEE /* Data */ = {
			isa = PBXGroup;
			children = (
				F26005FD1B97E718001F2CEE /* User.swift */,
			);
			name = Data;
			sourceTree = "<group>";
		};
		F260060E1B9815F4001F2CEE /* Bridging Header */ = {
			isa = PBXGroup;
			children = (
				F26006011B98158C001F2CEE /* InTown-Bridging-Header.h */,
			);
			name = "Bridging Header";
			sourceTree = "<group>";
		};
/* End PBXGroup section */

/* Begin PBXNativeTarget section */
		F26005AF1B97D841001F2CEE /* InTown */ = {
			isa = PBXNativeTarget;
			buildConfigurationList = F26005D21B97D841001F2CEE /* Build configuration list for PBXNativeTarget "InTown" */;
			buildPhases = (
				F26005AC1B97D841001F2CEE /* Sources */,
				F26005AD1B97D841001F2CEE /* Frameworks */,
				F26005AE1B97D841001F2CEE /* Resources */,
			);
			buildRules = (
			);
			dependencies = (
			);
			name = InTown;
			productName = InTown;
			productReference = F26005B01B97D841001F2CEE /* InTown.app */;
			productType = "com.apple.product-type.application";
		};
		F26005C71B97D841001F2CEE /* InTownTests */ = {
			isa = PBXNativeTarget;
			buildConfigurationList = F26005D51B97D841001F2CEE /* Build configuration list for PBXNativeTarget "InTownTests" */;
			buildPhases = (
				F26005C41B97D841001F2CEE /* Sources */,
				F26005C51B97D841001F2CEE /* Frameworks */,
				F26005C61B97D841001F2CEE /* Resources */,
			);
			buildRules = (
			);
			dependencies = (
				F26005CA1B97D841001F2CEE /* PBXTargetDependency */,
			);
			name = InTownTests;
			productName = InTownTests;
			productReference = F26005C81B97D841001F2CEE /* InTownTests.xctest */;
			productType = "com.apple.product-type.bundle.unit-test";
		};
/* End PBXNativeTarget section */

/* Begin PBXProject section */
		F26005A81B97D841001F2CEE /* Project object */ = {
			isa = PBXProject;
			attributes = {
				LastUpgradeCheck = 0640;
				ORGANIZATIONNAME = inTown;
				TargetAttributes = {
					F26005AF1B97D841001F2CEE = {
						CreatedOnToolsVersion = 6.4;
					};
					F26005C71B97D841001F2CEE = {
						CreatedOnToolsVersion = 6.4;
						TestTargetID = F26005AF1B97D841001F2CEE;
					};
				};
			};
			buildConfigurationList = F26005AB1B97D841001F2CEE /* Build configuration list for PBXProject "InTown" */;
			compatibilityVersion = "Xcode 3.2";
			developmentRegion = English;
			hasScannedForEncodings = 0;
			knownRegions = (
				en,
				Base,
			);
			mainGroup = F26005A71B97D841001F2CEE;
			productRefGroup = F26005B11B97D841001F2CEE /* Products */;
			projectDirPath = "";
			projectRoot = "";
			targets = (
				F26005AF1B97D841001F2CEE /* InTown */,
				F26005C71B97D841001F2CEE /* InTownTests */,
			);
		};
/* End PBXProject section */

/* Begin PBXResourcesBuildPhase section */
		F26005AE1B97D841001F2CEE /* Resources */ = {
			isa = PBXResourcesBuildPhase;
			buildActionMask = 2147483647;
			files = (
				F26005E41B97D9D5001F2CEE /* spa.png in Resources */,
				F26005F51B97E0D0001F2CEE /* SignIn.storyboard in Resources */,
				F26005E61B97D9D5001F2CEE /* us.png in Resources */,
				F26005E31B97D9D5001F2CEE /* fr.png in Resources */,
				F26005BE1B97D841001F2CEE /* Feed.storyboard in Resources */,
				F26005DA1B97D890001F2CEE /* Welcome.storyboard in Resources */,
				F26005EA1B97D9D5001F2CEE /* facebookLoginButton.png in Resources */,
				F26005E91B97D9D5001F2CEE /* twitterLoginButton.png in Resources */,
				F26005E81B97D9D5001F2CEE /* IntownLogo.png in Resources */,
				F26005C31B97D841001F2CEE /* LaunchScreen.xib in Resources */,
				F26005F71B97E0DE001F2CEE /* SignUp.storyboard in Resources */,
				F26005C01B97D841001F2CEE /* Images.xcassets in Resources */,
				F26005E71B97D9D5001F2CEE /* defaultImage.png in Resources */,
				F26005E51B97D9D5001F2CEE /* br.png in Resources */,
			);
			runOnlyForDeploymentPostprocessing = 0;
		};
		F26005C61B97D841001F2CEE /* Resources */ = {
			isa = PBXResourcesBuildPhase;
			buildActionMask = 2147483647;
			files = (
			);
			runOnlyForDeploymentPostprocessing = 0;
		};
/* End PBXResourcesBuildPhase section */

/* Begin PBXSourcesBuildPhase section */
		F26005AC1B97D841001F2CEE /* Sources */ = {
			isa = PBXSourcesBuildPhase;
			buildActionMask = 2147483647;
			files = (
				F26005BB1B97D841001F2CEE /* ViewController.swift in Sources */,
				F26005FB1B97E2A1001F2CEE /* SignUp.swift in Sources */,
				F26005B91B97D841001F2CEE /* InTown.xcdatamodeld in Sources */,
				F26005F91B97E28C001F2CEE /* SignIn.swift in Sources */,
				F26005B61B97D841001F2CEE /* AppDelegate.swift in Sources */,
				F26005F01B97DB2A001F2CEE /* WelcomeVC.swift in Sources */,
				F26005FE1B97E718001F2CEE /* User.swift in Sources */,
			);
			runOnlyForDeploymentPostprocessing = 0;
		};
		F26005C41B97D841001F2CEE /* Sources */ = {
			isa = PBXSourcesBuildPhase;
			buildActionMask = 2147483647;
			files = (
				F26005CF1B97D841001F2CEE /* InTownTests.swift in Sources */,
			);
			runOnlyForDeploymentPostprocessing = 0;
		};
/* End PBXSourcesBuildPhase section */

/* Begin PBXTargetDependency section */
		F26005CA1B97D841001F2CEE /* PBXTargetDependency */ = {
			isa = PBXTargetDependency;
			target = F26005AF1B97D841001F2CEE /* InTown */;
			targetProxy = F26005C91B97D841001F2CEE /* PBXContainerItemProxy */;
		};
/* End PBXTargetDependency section */

/* Begin PBXVariantGroup section */
		F26005BC1B97D841001F2CEE /* Feed.storyboard */ = {
			isa = PBXVariantGroup;
			children = (
				F26005BD1B97D841001F2CEE /* Base */,
			);
			name = Feed.storyboard;
			sourceTree = "<group>";
		};
		F26005C11B97D841001F2CEE /* LaunchScreen.xib */ = {
			isa = PBXVariantGroup;
			children = (
				F26005C21B97D841001F2CEE /* Base */,
			);
			name = LaunchScreen.xib;
			sourceTree = "<group>";
		};
/* End PBXVariantGroup section */

/* Begin XCBuildConfiguration section */
		F26005D01B97D841001F2CEE /* Debug */ = {
			isa = XCBuildConfiguration;
			buildSettings = {
				ALWAYS_SEARCH_USER_PATHS = NO;
				CLANG_CXX_LANGUAGE_STANDARD = "gnu++0x";
				CLANG_CXX_LIBRARY = "libc++";
				CLANG_ENABLE_MODULES = YES;
				CLANG_ENABLE_OBJC_ARC = YES;
				CLANG_WARN_BOOL_CONVERSION = YES;
				CLANG_WARN_CONSTANT_CONVERSION = YES;
				CLANG_WARN_DIRECT_OBJC_ISA_USAGE = YES_ERROR;
				CLANG_WARN_EMPTY_BODY = YES;
				CLANG_WARN_ENUM_CONVERSION = YES;
				CLANG_WARN_INT_CONVERSION = YES;
				CLANG_WARN_OBJC_ROOT_CLASS = YES_ERROR;
				CLANG_WARN_UNREACHABLE_CODE = YES;
				CLANG_WARN__DUPLICATE_METHOD_MATCH = YES;
				"CODE_SIGN_IDENTITY[sdk=iphoneos*]" = "iPhone Developer";
				COPY_PHASE_STRIP = NO;
				DEBUG_INFORMATION_FORMAT = "dwarf-with-dsym";
				ENABLE_STRICT_OBJC_MSGSEND = YES;
				GCC_C_LANGUAGE_STANDARD = gnu99;
				GCC_DYNAMIC_NO_PIC = NO;
				GCC_NO_COMMON_BLOCKS = YES;
				GCC_OPTIMIZATION_LEVEL = 0;
				GCC_PREPROCESSOR_DEFINITIONS = (
					"DEBUG=1",
					"$(inherited)",
				);
				GCC_SYMBOLS_PRIVATE_EXTERN = NO;
				GCC_WARN_64_TO_32_BIT_CONVERSION = YES;
				GCC_WARN_ABOUT_RETURN_TYPE = YES_ERROR;
				GCC_WARN_UNDECLARED_SELECTOR = YES;
				GCC_WARN_UNINITIALIZED_AUTOS = YES_AGGRESSIVE;
				GCC_WARN_UNUSED_FUNCTION = YES;
				GCC_WARN_UNUSED_VARIABLE = YES;
				IPHONEOS_DEPLOYMENT_TARGET = 8.4;
				MTL_ENABLE_DEBUG_INFO = YES;
				ONLY_ACTIVE_ARCH = YES;
				SDKROOT = iphoneos;
				SWIFT_OPTIMIZATION_LEVEL = "-Onone";
			};
			name = Debug;
		};
		F26005D11B97D841001F2CEE /* Release */ = {
			isa = XCBuildConfiguration;
			buildSettings = {
				ALWAYS_SEARCH_USER_PATHS = NO;
				CLANG_CXX_LANGUAGE_STANDARD = "gnu++0x";
				CLANG_CXX_LIBRARY = "libc++";
				CLANG_ENABLE_MODULES = YES;
				CLANG_ENABLE_OBJC_ARC = YES;
				CLANG_WARN_BOOL_CONVERSION = YES;
				CLANG_WARN_CONSTANT_CONVERSION = YES;
				CLANG_WARN_DIRECT_OBJC_ISA_USAGE = YES_ERROR;
				CLANG_WARN_EMPTY_BODY = YES;
				CLANG_WARN_ENUM_CONVERSION = YES;
				CLANG_WARN_INT_CONVERSION = YES;
				CLANG_WARN_OBJC_ROOT_CLASS = YES_ERROR;
				CLANG_WARN_UNREACHABLE_CODE = YES;
				CLANG_WARN__DUPLICATE_METHOD_MATCH = YES;
				"CODE_SIGN_IDENTITY[sdk=iphoneos*]" = "iPhone Developer";
				COPY_PHASE_STRIP = NO;
				DEBUG_INFORMATION_FORMAT = "dwarf-with-dsym";
				ENABLE_NS_ASSERTIONS = NO;
				ENABLE_STRICT_OBJC_MSGSEND = YES;
				GCC_C_LANGUAGE_STANDARD = gnu99;
				GCC_NO_COMMON_BLOCKS = YES;
				GCC_WARN_64_TO_32_BIT_CONVERSION = YES;
				GCC_WARN_ABOUT_RETURN_TYPE = YES_ERROR;
				GCC_WARN_UNDECLARED_SELECTOR = YES;
				GCC_WARN_UNINITIALIZED_AUTOS = YES_AGGRESSIVE;
				GCC_WARN_UNUSED_FUNCTION = YES;
				GCC_WARN_UNUSED_VARIABLE = YES;
				IPHONEOS_DEPLOYMENT_TARGET = 8.4;
				MTL_ENABLE_DEBUG_INFO = NO;
				SDKROOT = iphoneos;
				VALIDATE_PRODUCT = YES;
			};
			name = Release;
		};
		F26005D31B97D841001F2CEE /* Debug */ = {
			isa = XCBuildConfiguration;
			buildSettings = {
				ASSETCATALOG_COMPILER_APPICON_NAME = AppIcon;
				CLANG_ENABLE_MODULES = YES;
				FRAMEWORK_SEARCH_PATHS = (
					"$(inherited)",
					"$(PROJECT_DIR)",
					/Users/Ronaldoh1/Downloads,
				);
				INFOPLIST_FILE = InTown/Info.plist;
				LD_RUNPATH_SEARCH_PATHS = "$(inherited) @executable_path/Frameworks";
				OTHER_LDFLAGS = "-ObjC";
				PRODUCT_NAME = "$(TARGET_NAME)";
				SWIFT_OBJC_BRIDGING_HEADER = "InTown-Bridging-Header.h";
				SWIFT_OPTIMIZATION_LEVEL = "-Onone";
			};
			name = Debug;
		};
		F26005D41B97D841001F2CEE /* Release */ = {
			isa = XCBuildConfiguration;
			buildSettings = {
				ASSETCATALOG_COMPILER_APPICON_NAME = AppIcon;
				CLANG_ENABLE_MODULES = YES;
				FRAMEWORK_SEARCH_PATHS = (
					"$(inherited)",
					"$(PROJECT_DIR)",
					/Users/Ronaldoh1/Downloads,
				);
				INFOPLIST_FILE = InTown/Info.plist;
				LD_RUNPATH_SEARCH_PATHS = "$(inherited) @executable_path/Frameworks";
				OTHER_LDFLAGS = "-ObjC";
				PRODUCT_NAME = "$(TARGET_NAME)";
				SWIFT_OBJC_BRIDGING_HEADER = "InTown-Bridging-Header.h";
			};
			name = Release;
		};
		F26005D61B97D841001F2CEE /* Debug */ = {
			isa = XCBuildConfiguration;
			buildSettings = {
				BUNDLE_LOADER = "$(TEST_HOST)";
				FRAMEWORK_SEARCH_PATHS = (
					"$(SDKROOT)/Developer/Library/Frameworks",
					"$(inherited)",
				);
				GCC_PREPROCESSOR_DEFINITIONS = (
					"DEBUG=1",
					"$(inherited)",
				);
				INFOPLIST_FILE = InTownTests/Info.plist;
				LD_RUNPATH_SEARCH_PATHS = "$(inherited) @executable_path/Frameworks @loader_path/Frameworks";
				PRODUCT_NAME = "$(TARGET_NAME)";
				TEST_HOST = "$(BUILT_PRODUCTS_DIR)/InTown.app/InTown";
			};
			name = Debug;
		};
		F26005D71B97D841001F2CEE /* Release */ = {
			isa = XCBuildConfiguration;
			buildSettings = {
				BUNDLE_LOADER = "$(TEST_HOST)";
				FRAMEWORK_SEARCH_PATHS = (
					"$(SDKROOT)/Developer/Library/Frameworks",
					"$(inherited)",
				);
				INFOPLIST_FILE = InTownTests/Info.plist;
				LD_RUNPATH_SEARCH_PATHS = "$(inherited) @executable_path/Frameworks @loader_path/Frameworks";
				PRODUCT_NAME = "$(TARGET_NAME)";
				TEST_HOST = "$(BUILT_PRODUCTS_DIR)/InTown.app/InTown";
			};
			name = Release;
		};
/* End XCBuildConfiguration section */

/* Begin XCConfigurationList section */
		F26005AB1B97D841001F2CEE /* Build configuration list for PBXProject "InTown" */ = {
			isa = XCConfigurationList;
			buildConfigurations = (
				F26005D01B97D841001F2CEE /* Debug */,
				F26005D11B97D841001F2CEE /* Release */,
			);
			defaultConfigurationIsVisible = 0;
			defaultConfigurationName = Release;
		};
		F26005D21B97D841001F2CEE /* Build configuration list for PBXNativeTarget "InTown" */ = {
			isa = XCConfigurationList;
			buildConfigurations = (
				F26005D31B97D841001F2CEE /* Debug */,
				F26005D41B97D841001F2CEE /* Release */,
			);
			defaultConfigurationIsVisible = 0;
			defaultConfigurationName = Release;
		};
		F26005D51B97D841001F2CEE /* Build configuration list for PBXNativeTarget "InTownTests" */ = {
			isa = XCConfigurationList;
			buildConfigurations = (
				F26005D61B97D841001F2CEE /* Debug */,
				F26005D71B97D841001F2CEE /* Release */,
			);
			defaultConfigurationIsVisible = 0;
			defaultConfigurationName = Release;
		};
/* End XCConfigurationList section */

/* Begin XCVersionGroup section */
		F26005B71B97D841001F2CEE /* InTown.xcdatamodeld */ = {
			isa = XCVersionGroup;
			children = (
				F26005B81B97D841001F2CEE /* InTown.xcdatamodel */,
			);
			currentVersion = F26005B81B97D841001F2CEE /* InTown.xcdatamodel */;
			path = InTown.xcdatamodeld;
			sourceTree = "<group>";
			versionGroupType = wrapper.xcdatamodel;
		};
/* End XCVersionGroup section */
	};
	rootObject = F26005A81B97D841001F2CEE /* Project object */;
}
