// !$*UTF8*$!
{
	archiveVersion = 1;
	classes = {
	};
	objectVersion = 46;
	objects = {

/* Begin PBXBuildFile section */
		F26005B61B97D841001F2CEE /* AppDelegate.swift in Sources */ = {isa = PBXBuildFile; fileRef = F26005B51B97D841001F2CEE /* AppDelegate.swift */; };
		F26005B91B97D841001F2CEE /* InTown.xcdatamodeld in Sources */ = {isa = PBXBuildFile; fileRef = F26005B71B97D841001F2CEE /* InTown.xcdatamodeld */; };
		F26005BB1B97D841001F2CEE /* ViewController.swift in Sources */ = {isa = PBXBuildFile; fileRef = F26005BA1B97D841001F2CEE /* ViewController.swift */; };
		F26005BE1B97D841001F2CEE /* Main.storyboard in Resources */ = {isa = PBXBuildFile; fileRef = F26005BC1B97D841001F2CEE /* Main.storyboard */; };
		F26005C01B97D841001F2CEE /* Images.xcassets in Resources */ = {isa = PBXBuildFile; fileRef = F26005BF1B97D841001F2CEE /* Images.xcassets */; };
		F26005C31B97D841001F2CEE /* LaunchScreen.xib in Resources */ = {isa = PBXBuildFile; fileRef = F26005C11B97D841001F2CEE /* LaunchScreen.xib */; };
		F26005CF1B97D841001F2CEE /* InTownTests.swift in Sources */ = {isa = PBXBuildFile; fileRef = F26005CE1B97D841001F2CEE /* InTownTests.swift */; };
/* End PBXBuildFile section */

/* Begin PBXContainerItemProxy section */
		F26005C91B97D841001F2CEE /* PBXContainerItemProxy */ = {
			isa = PBXContainerItemProxy;
			containerPortal = F26005A81B97D841001F2CEE /* Project object */;
			proxyType = 1;
			remoteGlobalIDString = F26005AF1B97D841001F2CEE;
			remoteInfo = InTown;
		};
/* End PBXContainerItemProxy section */

/* Begin PBXFileReference section */
		F26005B01B97D841001F2CEE /* InTown.app */ = {isa = PBXFileReference; explicitFileType = wrapper.application; includeInIndex = 0; path = InTown.app; sourceTree = BUILT_PRODUCTS_DIR; };
		F26005B41B97D841001F2CEE /* Info.plist */ = {isa = PBXFileReference; lastKnownFileType = text.plist.xml; path = Info.plist; sourceTree = "<group>"; };
		F26005B51B97D841001F2CEE /* AppDelegate.swift */ = {isa = PBXFileReference; lastKnownFileType = sourcecode.swift; path = AppDelegate.swift; sourceTree = "<group>"; };
		F26005B81B97D841001F2CEE /* InTown.xcdatamodel */ = {isa = PBXFileReference; lastKnownFileType = wrapper.xcdatamodel; path = InTown.xcdatamodel; sourceTree = "<group>"; };
		F26005BA1B97D841001F2CEE /* ViewController.swift */ = {isa = PBXFileReference; lastKnownFileType = sourcecode.swift; path = ViewController.swift; sourceTree = "<group>"; };
		F26005BD1B97D841001F2CEE /* Base */ = {isa = PBXFileReference; lastKnownFileType = file.storyboard; name = Base; path = Base.lproj/Main.storyboard; sourceTree = "<group>"; };
		F26005BF1B97D841001F2CEE /* Images.xcassets */ = {isa = PBXFileReference; lastKnownFileType = folder.assetcatalog; path = Images.xcassets; sourceTree = "<group>"; };
		F26005C21B97D841001F2CEE /* Base */ = {isa = PBXFileReference; lastKnownFileType = file.xib; name = Base; path = Base.lproj/LaunchScreen.xib; sourceTree = "<group>"; };
		F26005C81B97D841001F2CEE /* InTownTests.xctest */ = {isa = PBXFileReference; explicitFileType = wrapper.cfbundle; includeInIndex = 0; path = InTownTests.xctest; sourceTree = BUILT_PRODUCTS_DIR; };
		F26005CD1B97D841001F2CEE /* Info.plist */ = {isa = PBXFileReference; lastKnownFileType = text.plist.xml; path = Info.plist; sourceTree = "<group>"; };
		F26005CE1B97D841001F2CEE /* InTownTests.swift */ = {isa = PBXFileReference; lastKnownFileType = sourcecode.swift; path = InTownTests.swift; sourceTree = "<group>"; };
/* End PBXFileReference section */

/* Begin PBXFrameworksBuildPhase section */
		F26005AD1B97D841001F2CEE /* Frameworks */ = {
			isa = PBXFrameworksBuildPhase;
			buildActionMask = 2147483647;
			files = (
			);
			runOnlyForDeploymentPostprocessing = 0;
		};
		F26005C51B97D841001F2CEE /* Frameworks */ = {
			isa = PBXFrameworksBuildPhase;
			buildActionMask = 2147483647;
			files = (
			);
			runOnlyForDeploymentPostprocessing = 0;
		};
/* End PBXFrameworksBuildPhase section */

/* Begin PBXGroup section */
		F26005A71B97D841001F2CEE = {
			isa = PBXGroup;
			children = (
				F26005B21B97D841001F2CEE /* InTown */,
				F26005CB1B97D841001F2CEE /* InTownTests */,
				F26005B11B97D841001F2CEE /* Products */,
			);
			sourceTree = "<group>";
		};
		F26005B11B97D841001F2CEE /* Products */ = {
			isa = PBXGroup;
			children = (
				F26005B01B97D841001F2CEE /* InTown.app */,
				F26005C81B97D841001F2CEE /* InTownTests.xctest */,
			);
			name = Products;
			sourceTree = "<group>";
		};
		F26005B21B97D841001F2CEE /* InTown */ = {
			isa = PBXGroup;
			children = (
				F26005B51B97D841001F2CEE /* AppDelegate.swift */,
				F26005BA1B97D841001F2CEE /* ViewController.swift */,
				F26005BC1B97D841001F2CEE /* Main.storyboard */,
				F26005BF1B97D841001F2CEE /* Images.xcassets */,
				F26005C11B97D841001F2CEE /* LaunchScreen.xib */,
				F26005B71B97D841001F2CEE /* InTown.xcdatamodeld */,
				F26005B31B97D841001F2CEE /* Supporting Files */,
			);
			path = InTown;
			sourceTree = "<group>";
		};
		F26005B31B97D841001F2CEE /* Supporting Files */ = {
			isa = PBXGroup;
			children = (
				F26005B41B97D841001F2CEE /* Info.plist */,
			);
			name = "Supporting Files";
			sourceTree = "<group>";
		};
		F26005CB1B97D841001F2CEE /* InTownTests */ = {
			isa = PBXGroup;
			children = (
				F26005CE1B97D841001F2CEE /* InTownTests.swift */,
				F26005CC1B97D841001F2CEE /* Supporting Files */,
			);
			path = InTownTests;
			sourceTree = "<group>";
		};
		F26005CC1B97D841001F2CEE /* Supporting Files */ = {
			isa = PBXGroup;
			children = (
				F26005CD1B97D841001F2CEE /* Info.plist */,
			);
			name = "Supporting Files";
			sourceTree = "<group>";
		};
/* End PBXGroup section */

/* Begin PBXNativeTarget section */
		F26005AF1B97D841001F2CEE /* InTown */ = {
			isa = PBXNativeTarget;
			buildConfigurationList = F26005D21B97D841001F2CEE /* Build configuration list for PBXNativeTarget "InTown" */;
			buildPhases = (
				F26005AC1B97D841001F2CEE /* Sources */,
				F26005AD1B97D841001F2CEE /* Frameworks */,
				F26005AE1B97D841001F2CEE /* Resources */,
			);
			buildRules = (
			);
			dependencies = (
			);
			name = InTown;
			productName = InTown;
			productReference = F26005B01B97D841001F2CEE /* InTown.app */;
			productType = "com.apple.product-type.application";
		};
		F26005C71B97D841001F2CEE /* InTownTests */ = {
			isa = PBXNativeTarget;
			buildConfigurationList = F26005D51B97D841001F2CEE /* Build configuration list for PBXNativeTarget "InTownTests" */;
			buildPhases = (
				F26005C41B97D841001F2CEE /* Sources */,
				F26005C51B97D841001F2CEE /* Frameworks */,
				F26005C61B97D841001F2CEE /* Resources */,
			);
			buildRules = (
			);
			dependencies = (
				F26005CA1B97D841001F2CEE /* PBXTargetDependency */,
			);
			name = InTownTests;
			productName = InTownTests;
			productReference = F26005C81B97D841001F2CEE /* InTownTests.xctest */;
			productType = "com.apple.product-type.bundle.unit-test";
		};
/* End PBXNativeTarget section */

/* Begin PBXProject section */
		F26005A81B97D841001F2CEE /* Project object */ = {
			isa = PBXProject;
			attributes = {
				LastUpgradeCheck = 0640;
				ORGANIZATIONNAME = inTown;
				TargetAttributes = {
					F26005AF1B97D841001F2CEE = {
						CreatedOnToolsVersion = 6.4;
					};
					F26005C71B97D841001F2CEE = {
						CreatedOnToolsVersion = 6.4;
						TestTargetID = F26005AF1B97D841001F2CEE;
					};
				};
			};
			buildConfigurationList = F26005AB1B97D841001F2CEE /* Build configuration list for PBXProject "InTown" */;
			compatibilityVersion = "Xcode 3.2";
			developmentRegion = English;
			hasScannedForEncodings = 0;
			knownRegions = (
				en,
				Base,
			);
			mainGroup = F26005A71B97D841001F2CEE;
			productRefGroup = F26005B11B97D841001F2CEE /* Products */;
			projectDirPath = "";
			projectRoot = "";
			targets = (
				F26005AF1B97D841001F2CEE /* InTown */,
				F26005C71B97D841001F2CEE /* InTownTests */,
			);
		};
/* End PBXProject section */

/* Begin PBXResourcesBuildPhase section */
		F26005AE1B97D841001F2CEE /* Resources */ = {
			isa = PBXResourcesBuildPhase;
			buildActionMask = 2147483647;
			files = (
				F26005BE1B97D841001F2CEE /* Main.storyboard in Resources */,
				F26005C31B97D841001F2CEE /* LaunchScreen.xib in Resources */,
				F26005C01B97D841001F2CEE /* Images.xcassets in Resources */,
			);
			runOnlyForDeploymentPostprocessing = 0;
		};
		F26005C61B97D841001F2CEE /* Resources */ = {
			isa = PBXResourcesBuildPhase;
			buildActionMask = 2147483647;
			files = (
			);
			runOnlyForDeploymentPostprocessing = 0;
		};
/* End PBXResourcesBuildPhase section */

/* Begin PBXSourcesBuildPhase section */
		F26005AC1B97D841001F2CEE /* Sources */ = {
			isa = PBXSourcesBuildPhase;
			buildActionMask = 2147483647;
			files = (
				F26005BB1B97D841001F2CEE /* ViewController.swift in Sources */,
				F26005B91B97D841001F2CEE /* InTown.xcdatamodeld in Sources */,
				F26005B61B97D841001F2CEE /* AppDelegate.swift in Sources */,
			);
			runOnlyForDeploymentPostprocessing = 0;
		};
		F26005C41B97D841001F2CEE /* Sources */ = {
			isa = PBXSourcesBuildPhase;
			buildActionMask = 2147483647;
			files = (
				F26005CF1B97D841001F2CEE /* InTownTests.swift in Sources */,
			);
			runOnlyForDeploymentPostprocessing = 0;
		};
/* End PBXSourcesBuildPhase section */

/* Begin PBXTargetDependency section */
		F26005CA1B97D841001F2CEE /* PBXTargetDependency */ = {
			isa = PBXTargetDependency;
			target = F26005AF1B97D841001F2CEE /* InTown */;
			targetProxy = F26005C91B97D841001F2CEE /* PBXContainerItemProxy */;
		};
/* End PBXTargetDependency section */

/* Begin PBXVariantGroup section */
		F26005BC1B97D841001F2CEE /* Main.storyboard */ = {
			isa = PBXVariantGroup;
			children = (
				F26005BD1B97D841001F2CEE /* Base */,
			);
			name = Main.storyboard;
			sourceTree = "<group>";
		};
		F26005C11B97D841001F2CEE /* LaunchScreen.xib */ = {
			isa = PBXVariantGroup;
			children = (
				F26005C21B97D841001F2CEE /* Base */,
			);
			name = LaunchScreen.xib;
			sourceTree = "<group>";
		};
/* End PBXVariantGroup section */

/* Begin XCBuildConfiguration section */
		F26005D01B97D841001F2CEE /* Debug */ = {
			isa = XCBuildConfiguration;
			buildSettings = {
				ALWAYS_SEARCH_USER_PATHS = NO;
				CLANG_CXX_LANGUAGE_STANDARD = "gnu++0x";
				CLANG_CXX_LIBRARY = "libc++";
				CLANG_ENABLE_MODULES = YES;
				CLANG_ENABLE_OBJC_ARC = YES;
				CLANG_WARN_BOOL_CONVERSION = YES;
				CLANG_WARN_CONSTANT_CONVERSION = YES;
				CLANG_WARN_DIRECT_OBJC_ISA_USAGE = YES_ERROR;
				CLANG_WARN_EMPTY_BODY = YES;
				CLANG_WARN_ENUM_CONVERSION = YES;
				CLANG_WARN_INT_CONVERSION = YES;
				CLANG_WARN_OBJC_ROOT_CLASS = YES_ERROR;
				CLANG_WARN_UNREACHABLE_CODE = YES;
				CLANG_WARN__DUPLICATE_METHOD_MATCH = YES;
				"CODE_SIGN_IDENTITY[sdk=iphoneos*]" = "iPhone Developer";
				COPY_PHASE_STRIP = NO;
				DEBUG_INFORMATION_FORMAT = "dwarf-with-dsym";
				ENABLE_STRICT_OBJC_MSGSEND = YES;
				GCC_C_LANGUAGE_STANDARD = gnu99;
				GCC_DYNAMIC_NO_PIC = NO;
				GCC_NO_COMMON_BLOCKS = YES;
				GCC_OPTIMIZATION_LEVEL = 0;
				GCC_PREPROCESSOR_DEFINITIONS = (
					"DEBUG=1",
					"$(inherited)",
				);
				GCC_SYMBOLS_PRIVATE_EXTERN = NO;
				GCC_WARN_64_TO_32_BIT_CONVERSION = YES;
				GCC_WARN_ABOUT_RETURN_TYPE = YES_ERROR;
				GCC_WARN_UNDECLARED_SELECTOR = YES;
				GCC_WARN_UNINITIALIZED_AUTOS = YES_AGGRESSIVE;
				GCC_WARN_UNUSED_FUNCTION = YES;
				GCC_WARN_UNUSED_VARIABLE = YES;
				IPHONEOS_DEPLOYMENT_TARGET = 8.4;
				MTL_ENABLE_DEBUG_INFO = YES;
				ONLY_ACTIVE_ARCH = YES;
				SDKROOT = iphoneos;
				SWIFT_OPTIMIZATION_LEVEL = "-Onone";
			};
			name = Debug;
		};
		F26005D11B97D841001F2CEE /* Release */ = {
			isa = XCBuildConfiguration;
			buildSettings = {
				ALWAYS_SEARCH_USER_PATHS = NO;
				CLANG_CXX_LANGUAGE_STANDARD = "gnu++0x";
				CLANG_CXX_LIBRARY = "libc++";
				CLANG_ENABLE_MODULES = YES;
				CLANG_ENABLE_OBJC_ARC = YES;
				CLANG_WARN_BOOL_CONVERSION = YES;
				CLANG_WARN_CONSTANT_CONVERSION = YES;
				CLANG_WARN_DIRECT_OBJC_ISA_USAGE = YES_ERROR;
				CLANG_WARN_EMPTY_BODY = YES;
				CLANG_WARN_ENUM_CONVERSION = YES;
				CLANG_WARN_INT_CONVERSION = YES;
				CLANG_WARN_OBJC_ROOT_CLASS = YES_ERROR;
				CLANG_WARN_UNREACHABLE_CODE = YES;
				CLANG_WARN__DUPLICATE_METHOD_MATCH = YES;
				"CODE_SIGN_IDENTITY[sdk=iphoneos*]" = "iPhone Developer";
				COPY_PHASE_STRIP = NO;
				DEBUG_INFORMATION_FORMAT = "dwarf-with-dsym";
				ENABLE_NS_ASSERTIONS = NO;
				ENABLE_STRICT_OBJC_MSGSEND = YES;
				GCC_C_LANGUAGE_STANDARD = gnu99;
				GCC_NO_COMMON_BLOCKS = YES;
				GCC_WARN_64_TO_32_BIT_CONVERSION = YES;
				GCC_WARN_ABOUT_RETURN_TYPE = YES_ERROR;
				GCC_WARN_UNDECLARED_SELECTOR = YES;
				GCC_WARN_UNINITIALIZED_AUTOS = YES_AGGRESSIVE;
				GCC_WARN_UNUSED_FUNCTION = YES;
				GCC_WARN_UNUSED_VARIABLE = YES;
				IPHONEOS_DEPLOYMENT_TARGET = 8.4;
				MTL_ENABLE_DEBUG_INFO = NO;
				SDKROOT = iphoneos;
				VALIDATE_PRODUCT = YES;
			};
			name = Release;
		};
		F26005D31B97D841001F2CEE /* Debug */ = {
			isa = XCBuildConfiguration;
			buildSettings = {
				ASSETCATALOG_COMPILER_APPICON_NAME = AppIcon;
				INFOPLIST_FILE = InTown/Info.plist;
				LD_RUNPATH_SEARCH_PATHS = "$(inherited) @executable_path/Frameworks";
				PRODUCT_NAME = "$(TARGET_NAME)";
			};
			name = Debug;
		};
		F26005D41B97D841001F2CEE /* Release */ = {
			isa = XCBuildConfiguration;
			buildSettings = {
				ASSETCATALOG_COMPILER_APPICON_NAME = AppIcon;
				INFOPLIST_FILE = InTown/Info.plist;
				LD_RUNPATH_SEARCH_PATHS = "$(inherited) @executable_path/Frameworks";
				PRODUCT_NAME = "$(TARGET_NAME)";
			};
			name = Release;
		};
		F26005D61B97D841001F2CEE /* Debug */ = {
			isa = XCBuildConfiguration;
			buildSettings = {
				BUNDLE_LOADER = "$(TEST_HOST)";
				FRAMEWORK_SEARCH_PATHS = (
					"$(SDKROOT)/Developer/Library/Frameworks",
					"$(inherited)",
				);
				GCC_PREPROCESSOR_DEFINITIONS = (
					"DEBUG=1",
					"$(inherited)",
				);
				INFOPLIST_FILE = InTownTests/Info.plist;
				LD_RUNPATH_SEARCH_PATHS = "$(inherited) @executable_path/Frameworks @loader_path/Frameworks";
				PRODUCT_NAME = "$(TARGET_NAME)";
				TEST_HOST = "$(BUILT_PRODUCTS_DIR)/InTown.app/InTown";
			};
			name = Debug;
		};
		F26005D71B97D841001F2CEE /* Release */ = {
			isa = XCBuildConfiguration;
			buildSettings = {
				BUNDLE_LOADER = "$(TEST_HOST)";
				FRAMEWORK_SEARCH_PATHS = (
					"$(SDKROOT)/Developer/Library/Frameworks",
					"$(inherited)",
				);
				INFOPLIST_FILE = InTownTests/Info.plist;
				LD_RUNPATH_SEARCH_PATHS = "$(inherited) @executable_path/Frameworks @loader_path/Frameworks";
				PRODUCT_NAME = "$(TARGET_NAME)";
				TEST_HOST = "$(BUILT_PRODUCTS_DIR)/InTown.app/InTown";
			};
			name = Release;
		};
/* End XCBuildConfiguration section */

/* Begin XCConfigurationList section */
		F26005AB1B97D841001F2CEE /* Build configuration list for PBXProject "InTown" */ = {
			isa = XCConfigurationList;
			buildConfigurations = (
				F26005D01B97D841001F2CEE /* Debug */,
				F26005D11B97D841001F2CEE /* Release */,
			);
			defaultConfigurationIsVisible = 0;
			defaultConfigurationName = Release;
		};
		F26005D21B97D841001F2CEE /* Build configuration list for PBXNativeTarget "InTown" */ = {
			isa = XCConfigurationList;
			buildConfigurations = (
				F26005D31B97D841001F2CEE /* Debug */,
				F26005D41B97D841001F2CEE /* Release */,
			);
			defaultConfigurationIsVisible = 0;
		};
		F26005D51B97D841001F2CEE /* Build configuration list for PBXNativeTarget "InTownTests" */ = {
			isa = XCConfigurationList;
			buildConfigurations = (
				F26005D61B97D841001F2CEE /* Debug */,
				F26005D71B97D841001F2CEE /* Release */,
			);
			defaultConfigurationIsVisible = 0;
		};
/* End XCConfigurationList section */

/* Begin XCVersionGroup section */
		F26005B71B97D841001F2CEE /* InTown.xcdatamodeld */ = {
			isa = XCVersionGroup;
			children = (
				F26005B81B97D841001F2CEE /* InTown.xcdatamodel */,
			);
			currentVersion = F26005B81B97D841001F2CEE /* InTown.xcdatamodel */;
			path = InTown.xcdatamodeld;
			sourceTree = "<group>";
			versionGroupType = wrapper.xcdatamodel;
		};
/* End XCVersionGroup section */
	};
	rootObject = F26005A81B97D841001F2CEE /* Project object */;
}
